
Microsoft Visual Studio Solution File, Format Version 12.00
# Visual Studio Version 17
VisualStudioVersion = 17.14.36908.2 d17.14
MinimumVisualStudioVersion = 10.0.40219.1
Project("{FAE04EC0-301F-11D3-BF4B-00C04F79EFBC}") = "NoteFluid.Core", "NoteFluid.Core\NoteFluid.Core.csproj", "{70CB246D-86CF-4546-945D-A47C80C9DC1F}"
EndProject
Global
	GlobalSection(SolutionConfigurationPlatforms) = preSolution
		Debug|Any CPU = Debug|Any CPU
		Release|Any CPU = Release|Any CPU
	EndGlobalSection
	GlobalSection(ProjectConfigurationPlatforms) = postSolution
		{70CB246D-86CF-4546-945D-A47C80C9DC1F}.Debug|Any CPU.ActiveCfg = Debug|Any CPU
		{70CB246D-86CF-4546-945D-A47C80C9DC1F}.Debug|Any CPU.Build.0 = Debug|Any CPU
		{70CB246D-86CF-4546-945D-A47C80C9DC1F}.Release|Any CPU.ActiveCfg = Release|Any CPU
		{70CB246D-86CF-4546-945D-A47C80C9DC1F}.Release|Any CPU.Build.0 = Release|Any CPU
	EndGlobalSection
	GlobalSection(SolutionProperties) = preSolution
		HideSolutionNode = FALSE
	EndGlobalSection
	GlobalSection(ExtensibilityGlobals) = postSolution
		SolutionGuid = {BC713334-41DF-45E3-B805-931615BEB075}
	EndGlobalSection
EndGlobal
